
Microsoft Visual Studio Solution File, Format Version 12.00
Project("{FAE04EC0-301F-11D3-BF4B-00C04F79EFBC}") = "YarpSample", "YarpSample.csproj", "{FFD0B4E6-8A01-4E96-B68A-ABFF1A30FF29}"
EndProject
Project("{FAE04EC0-301F-11D3-BF4B-00C04F79EFBC}") = "UserApiSample", "..\UserApiSample\UserApiSample\UserApiSample.csproj", "{1A402177-72C7-4879-B49B-4CAC3542B6FC}"
EndProject
Global
	GlobalSection(SolutionConfigurationPlatforms) = preSolution
		Debug|Any CPU = Debug|Any CPU
		Release|Any CPU = Release|Any CPU
	EndGlobalSection
	GlobalSection(ProjectConfigurationPlatforms) = postSolution
		{FFD0B4E6-8A01-4E96-B68A-ABFF1A30FF29}.Debug|Any CPU.ActiveCfg = Debug|Any CPU
		{FFD0B4E6-8A01-4E96-B68A-ABFF1A30FF29}.Debug|Any CPU.Build.0 = Debug|Any CPU
		{FFD0B4E6-8A01-4E96-B68A-ABFF1A30FF29}.Release|Any CPU.ActiveCfg = Release|Any CPU
		{FFD0B4E6-8A01-4E96-B68A-ABFF1A30FF29}.Release|Any CPU.Build.0 = Release|Any CPU
		{1A402177-72C7-4879-B49B-4CAC3542B6FC}.Debug|Any CPU.ActiveCfg = Debug|Any CPU
		{1A402177-72C7-4879-B49B-4CAC3542B6FC}.Debug|Any CPU.Build.0 = Debug|Any CPU
		{1A402177-72C7-4879-B49B-4CAC3542B6FC}.Release|Any CPU.ActiveCfg = Release|Any CPU
		{1A402177-72C7-4879-B49B-4CAC3542B6FC}.Release|Any CPU.Build.0 = Release|Any CPU
	EndGlobalSection
EndGlobal
